
Microsoft Visual Studio Solution File, Format Version 12.00
# Visual Studio Version 16
VisualStudioVersion = 16.0.28917.181
MinimumVisualStudioVersion = 10.0.40219.1
Project("{FAE04EC0-301F-11D3-BF4B-00C04F79EFBC}") = "Taschenrechner", "Taschenrechner\Taschenrechner.csproj", "{B8F91B38-84CF-47FC-B796-F2D26773713A}"
EndProject
Project("{FAE04EC0-301F-11D3-BF4B-00C04F79EFBC}") = "TaschenrechnerTests", "TaschenrechnerTests\TaschenrechnerTests.csproj", "{B93B0339-8A3C-4932-8507-D983D8B80ED8}"
EndProject
Project("{FAE04EC0-301F-11D3-BF4B-00C04F79EFBC}") = "Taschenrechner.Tests.NUnit", "Taschenrechner.Tests.NUnit\Taschenrechner.Tests.NUnit.csproj", "{7328A82B-4C56-45EC-9A2C-C6EE5101F8C2}"
EndProject
Global
	GlobalSection(SolutionConfigurationPlatforms) = preSolution
		Debug|Any CPU = Debug|Any CPU
		Release|Any CPU = Release|Any CPU
	EndGlobalSection
	GlobalSection(ProjectConfigurationPlatforms) = postSolution
		{B8F91B38-84CF-47FC-B796-F2D26773713A}.Debug|Any CPU.ActiveCfg = Debug|Any CPU
		{B8F91B38-84CF-47FC-B796-F2D26773713A}.Debug|Any CPU.Build.0 = Debug|Any CPU
		{B8F91B38-84CF-47FC-B796-F2D26773713A}.Release|Any CPU.ActiveCfg = Release|Any CPU
		{B8F91B38-84CF-47FC-B796-F2D26773713A}.Release|Any CPU.Build.0 = Release|Any CPU
		{B93B0339-8A3C-4932-8507-D983D8B80ED8}.Debug|Any CPU.ActiveCfg = Debug|Any CPU
		{B93B0339-8A3C-4932-8507-D983D8B80ED8}.Debug|Any CPU.Build.0 = Debug|Any CPU
		{B93B0339-8A3C-4932-8507-D983D8B80ED8}.Release|Any CPU.ActiveCfg = Release|Any CPU
		{B93B0339-8A3C-4932-8507-D983D8B80ED8}.Release|Any CPU.Build.0 = Release|Any CPU
		{7328A82B-4C56-45EC-9A2C-C6EE5101F8C2}.Debug|Any CPU.ActiveCfg = Debug|Any CPU
		{7328A82B-4C56-45EC-9A2C-C6EE5101F8C2}.Debug|Any CPU.Build.0 = Debug|Any CPU
		{7328A82B-4C56-45EC-9A2C-C6EE5101F8C2}.Release|Any CPU.ActiveCfg = Release|Any CPU
		{7328A82B-4C56-45EC-9A2C-C6EE5101F8C2}.Release|Any CPU.Build.0 = Release|Any CPU
	EndGlobalSection
	GlobalSection(SolutionProperties) = preSolution
		HideSolutionNode = FALSE
	EndGlobalSection
	GlobalSection(ExtensibilityGlobals) = postSolution
		SolutionGuid = {A2BAC34B-75DA-4E65-9C47-55FBD7562271}
	EndGlobalSection
EndGlobal
