
Microsoft Visual Studio Solution File, Format Version 12.00
# Visual Studio Version 16
VisualStudioVersion = 16.0.28917.181
MinimumVisualStudioVersion = 10.0.40219.1
Project("{FAE04EC0-301F-11D3-BF4B-00C04F79EFBC}") = "Domain", "Domain\Domain.csproj", "{ACFB0DD3-0958-4564-85C4-59FF250F9285}"
EndProject
Project("{FAE04EC0-301F-11D3-BF4B-00C04F79EFBC}") = "Data", "Data\Data.csproj", "{4A01064D-D7B5-4B11-BEA6-5439188C6803}"
EndProject
Project("{FAE04EC0-301F-11D3-BF4B-00C04F79EFBC}") = "Data.Tests", "Data.Tests\Data.Tests.csproj", "{CABCC276-8E16-4D3B-96C4-98E73B8DCAB0}"
EndProject
Project("{FAE04EC0-301F-11D3-BF4B-00C04F79EFBC}") = "Logik", "Logik\Logik.csproj", "{38BE0BAA-238E-42CA-B059-F468C13AC8B6}"
EndProject
Project("{FAE04EC0-301F-11D3-BF4B-00C04F79EFBC}") = "Logik.Tests", "Logik.Tests\Logik.Tests.csproj", "{75594655-64F6-4E00-8329-AE89F09D9F35}"
EndProject
Project("{FAE04EC0-301F-11D3-BF4B-00C04F79EFBC}") = "Hardware", "Hardware\Hardware.csproj", "{2C70DCB6-CF41-4423-B8FA-8119CF2A00E1}"
EndProject
Project("{FAE04EC0-301F-11D3-BF4B-00C04F79EFBC}") = "Hardware.Tests", "Hardware.Tests\Hardware.Tests.csproj", "{C59CD249-C7CB-489F-8A6C-D413FAB62571}"
EndProject
Global
	GlobalSection(SolutionConfigurationPlatforms) = preSolution
		Debug|Any CPU = Debug|Any CPU
		Release|Any CPU = Release|Any CPU
	EndGlobalSection
	GlobalSection(ProjectConfigurationPlatforms) = postSolution
		{ACFB0DD3-0958-4564-85C4-59FF250F9285}.Debug|Any CPU.ActiveCfg = Debug|Any CPU
		{ACFB0DD3-0958-4564-85C4-59FF250F9285}.Debug|Any CPU.Build.0 = Debug|Any CPU
		{ACFB0DD3-0958-4564-85C4-59FF250F9285}.Release|Any CPU.ActiveCfg = Release|Any CPU
		{ACFB0DD3-0958-4564-85C4-59FF250F9285}.Release|Any CPU.Build.0 = Release|Any CPU
		{4A01064D-D7B5-4B11-BEA6-5439188C6803}.Debug|Any CPU.ActiveCfg = Debug|Any CPU
		{4A01064D-D7B5-4B11-BEA6-5439188C6803}.Debug|Any CPU.Build.0 = Debug|Any CPU
		{4A01064D-D7B5-4B11-BEA6-5439188C6803}.Release|Any CPU.ActiveCfg = Release|Any CPU
		{4A01064D-D7B5-4B11-BEA6-5439188C6803}.Release|Any CPU.Build.0 = Release|Any CPU
		{CABCC276-8E16-4D3B-96C4-98E73B8DCAB0}.Debug|Any CPU.ActiveCfg = Debug|Any CPU
		{CABCC276-8E16-4D3B-96C4-98E73B8DCAB0}.Debug|Any CPU.Build.0 = Debug|Any CPU
		{CABCC276-8E16-4D3B-96C4-98E73B8DCAB0}.Release|Any CPU.ActiveCfg = Release|Any CPU
		{CABCC276-8E16-4D3B-96C4-98E73B8DCAB0}.Release|Any CPU.Build.0 = Release|Any CPU
		{38BE0BAA-238E-42CA-B059-F468C13AC8B6}.Debug|Any CPU.ActiveCfg = Debug|Any CPU
		{38BE0BAA-238E-42CA-B059-F468C13AC8B6}.Debug|Any CPU.Build.0 = Debug|Any CPU
		{38BE0BAA-238E-42CA-B059-F468C13AC8B6}.Release|Any CPU.ActiveCfg = Release|Any CPU
		{38BE0BAA-238E-42CA-B059-F468C13AC8B6}.Release|Any CPU.Build.0 = Release|Any CPU
		{75594655-64F6-4E00-8329-AE89F09D9F35}.Debug|Any CPU.ActiveCfg = Debug|Any CPU
		{75594655-64F6-4E00-8329-AE89F09D9F35}.Debug|Any CPU.Build.0 = Debug|Any CPU
		{75594655-64F6-4E00-8329-AE89F09D9F35}.Release|Any CPU.ActiveCfg = Release|Any CPU
		{75594655-64F6-4E00-8329-AE89F09D9F35}.Release|Any CPU.Build.0 = Release|Any CPU
		{2C70DCB6-CF41-4423-B8FA-8119CF2A00E1}.Debug|Any CPU.ActiveCfg = Debug|Any CPU
		{2C70DCB6-CF41-4423-B8FA-8119CF2A00E1}.Debug|Any CPU.Build.0 = Debug|Any CPU
		{2C70DCB6-CF41-4423-B8FA-8119CF2A00E1}.Release|Any CPU.ActiveCfg = Release|Any CPU
		{2C70DCB6-CF41-4423-B8FA-8119CF2A00E1}.Release|Any CPU.Build.0 = Release|Any CPU
		{C59CD249-C7CB-489F-8A6C-D413FAB62571}.Debug|Any CPU.ActiveCfg = Debug|Any CPU
		{C59CD249-C7CB-489F-8A6C-D413FAB62571}.Debug|Any CPU.Build.0 = Debug|Any CPU
		{C59CD249-C7CB-489F-8A6C-D413FAB62571}.Release|Any CPU.ActiveCfg = Release|Any CPU
		{C59CD249-C7CB-489F-8A6C-D413FAB62571}.Release|Any CPU.Build.0 = Release|Any CPU
	EndGlobalSection
	GlobalSection(SolutionProperties) = preSolution
		HideSolutionNode = FALSE
	EndGlobalSection
	GlobalSection(ExtensibilityGlobals) = postSolution
		SolutionGuid = {F5BBB8CE-ECD3-4494-A954-765007A7C103}
	EndGlobalSection
EndGlobal
