
Microsoft Visual Studio Solution File, Format Version 12.00
# Visual Studio Version 16
VisualStudioVersion = 16.0.28917.181
MinimumVisualStudioVersion = 10.0.40219.1
Project("{FAE04EC0-301F-11D3-BF4B-00C04F79EFBC}") = "MeineBank", "MeineBank\MeineBank.csproj", "{928B525F-DA13-4FEA-B773-6728C7A4CBE6}"
EndProject
Global
	GlobalSection(SolutionConfigurationPlatforms) = preSolution
		Debug|Any CPU = Debug|Any CPU
		Release|Any CPU = Release|Any CPU
	EndGlobalSection
	GlobalSection(ProjectConfigurationPlatforms) = postSolution
		{928B525F-DA13-4FEA-B773-6728C7A4CBE6}.Debug|Any CPU.ActiveCfg = Debug|Any CPU
		{928B525F-DA13-4FEA-B773-6728C7A4CBE6}.Debug|Any CPU.Build.0 = Debug|Any CPU
		{928B525F-DA13-4FEA-B773-6728C7A4CBE6}.Release|Any CPU.ActiveCfg = Release|Any CPU
		{928B525F-DA13-4FEA-B773-6728C7A4CBE6}.Release|Any CPU.Build.0 = Release|Any CPU
	EndGlobalSection
	GlobalSection(SolutionProperties) = preSolution
		HideSolutionNode = FALSE
	EndGlobalSection
	GlobalSection(ExtensibilityGlobals) = postSolution
		SolutionGuid = {455DBBFE-B252-4BD8-8F78-2189DEE450E1}
	EndGlobalSection
EndGlobal
